
Microsoft Visual Studio Solution File, Format Version 12.00
# Visual Studio Version 17
VisualStudioVersion = 17.0.5
MinimumVisualStudioVersion = 17.0.5
Project("{9A19103F-16F7-4668-BE54-9A1E7A4F7556}") = "Joostit.NeuralNerd.NnLib", "Joostit.NeuralNerd.NnLib\Joostit.NeuralNerd.NnLib.csproj", "{C9043818-208B-4677-8160-55D04D39A3C3}"
EndProject
Project("{9A19103F-16F7-4668-BE54-9A1E7A4F7556}") = "Joostit.NeuralNerd.NnLib.UnitTests", "Joostit.NeuralNerd.NnLib.UnitTests\Joostit.NeuralNerd.NnLib.UnitTests.csproj", "{9E981D0F-8AB6-46C6-A032-60E6DDBDAD58}"
EndProject
Project("{2150E333-8FDC-42A3-9474-1A3956D46DE8}") = "Source", "Source", "{1A016B22-0D6F-4944-84CF-7714FE4B6378}"
EndProject
Project("{2150E333-8FDC-42A3-9474-1A3956D46DE8}") = "Tests", "Tests", "{2CD37009-3387-4C4A-A401-D54520D03085}"
EndProject
Project("{9A19103F-16F7-4668-BE54-9A1E7A4F7556}") = "NeuralNerdApp", "NeuralNerdApp\NeuralNerdApp.csproj", "{AA454026-2573-4690-87A1-537FA74A0394}"
EndProject
Global
	GlobalSection(SolutionConfigurationPlatforms) = preSolution
		Debug|Any CPU = Debug|Any CPU
		Release|Any CPU = Release|Any CPU
	EndGlobalSection
	GlobalSection(ProjectConfigurationPlatforms) = postSolution
		{C9043818-208B-4677-8160-55D04D39A3C3}.Debug|Any CPU.ActiveCfg = Debug|Any CPU
		{C9043818-208B-4677-8160-55D04D39A3C3}.Debug|Any CPU.Build.0 = Debug|Any CPU
		{C9043818-208B-4677-8160-55D04D39A3C3}.Release|Any CPU.ActiveCfg = Release|Any CPU
		{C9043818-208B-4677-8160-55D04D39A3C3}.Release|Any CPU.Build.0 = Release|Any CPU
		{9E981D0F-8AB6-46C6-A032-60E6DDBDAD58}.Debug|Any CPU.ActiveCfg = Debug|Any CPU
		{9E981D0F-8AB6-46C6-A032-60E6DDBDAD58}.Debug|Any CPU.Build.0 = Debug|Any CPU
		{9E981D0F-8AB6-46C6-A032-60E6DDBDAD58}.Release|Any CPU.ActiveCfg = Release|Any CPU
		{9E981D0F-8AB6-46C6-A032-60E6DDBDAD58}.Release|Any CPU.Build.0 = Release|Any CPU
		{AA454026-2573-4690-87A1-537FA74A0394}.Debug|Any CPU.ActiveCfg = Debug|Any CPU
		{AA454026-2573-4690-87A1-537FA74A0394}.Debug|Any CPU.Build.0 = Debug|Any CPU
		{AA454026-2573-4690-87A1-537FA74A0394}.Release|Any CPU.ActiveCfg = Release|Any CPU
		{AA454026-2573-4690-87A1-537FA74A0394}.Release|Any CPU.Build.0 = Release|Any CPU
	EndGlobalSection
	GlobalSection(SolutionProperties) = preSolution
		HideSolutionNode = FALSE
	EndGlobalSection
	GlobalSection(NestedProjects) = preSolution
		{C9043818-208B-4677-8160-55D04D39A3C3} = {1A016B22-0D6F-4944-84CF-7714FE4B6378}
		{9E981D0F-8AB6-46C6-A032-60E6DDBDAD58} = {2CD37009-3387-4C4A-A401-D54520D03085}
		{AA454026-2573-4690-87A1-537FA74A0394} = {1A016B22-0D6F-4944-84CF-7714FE4B6378}
	EndGlobalSection
	GlobalSection(ExtensibilityGlobals) = postSolution
		SolutionGuid = {89056EDD-A241-4539-AF89-F552AE751E03}
	EndGlobalSection
EndGlobal
